// !$*UTF8*$!
{
	archiveVersion = 1;
	classes = {
	};
	objectVersion = 46;
	objects = {

/* Begin PBXBuildFile section */
		92FD41F91DD75AB8009995D8 /* main.m in Sources */ = {isa = PBXBuildFile; fileRef = 92FD41F81DD75AB8009995D8 /* main.m */; };
		92FD41FC1DD75AB8009995D8 /* AppDelegate.m in Sources */ = {isa = PBXBuildFile; fileRef = 92FD41FB1DD75AB8009995D8 /* AppDelegate.m */; };
		92FD42021DD75AB8009995D8 /* Main.storyboard in Resources */ = {isa = PBXBuildFile; fileRef = 92FD42001DD75AB8009995D8 /* Main.storyboard */; };
		92FD42041DD75AB8009995D8 /* Assets.xcassets in Resources */ = {isa = PBXBuildFile; fileRef = 92FD42031DD75AB8009995D8 /* Assets.xcassets */; };
		92FD42071DD75AB8009995D8 /* LaunchScreen.storyboard in Resources */ = {isa = PBXBuildFile; fileRef = 92FD42051DD75AB8009995D8 /* LaunchScreen.storyboard */; };
		92FD42101DD75AFD009995D8 /* MyTableViewController.m in Sources */ = {isa = PBXBuildFile; fileRef = 92FD420F1DD75AFD009995D8 /* MyTableViewController.m */; };
		92FD42131DD75B66009995D8 /* MyNumber.m in Sources */ = {isa = PBXBuildFile; fileRef = 92FD42121DD75B66009995D8 /* MyNumber.m */; };
/* End PBXBuildFile section */

/* Begin PBXFileReference section */
		92FD41F41DD75AB8009995D8 /* Quiz3.app */ = {isa = PBXFileReference; explicitFileType = wrapper.application; includeInIndex = 0; path = Quiz3.app; sourceTree = BUILT_PRODUCTS_DIR; };
		92FD41F81DD75AB8009995D8 /* main.m */ = {isa = PBXFileReference; lastKnownFileType = sourcecode.c.objc; path = main.m; sourceTree = "<group>"; };
		92FD41FA1DD75AB8009995D8 /* AppDelegate.h */ = {isa = PBXFileReference; lastKnownFileType = sourcecode.c.h; path = AppDelegate.h; sourceTree = "<group>"; };
		92FD41FB1DD75AB8009995D8 /* AppDelegate.m */ = {isa = PBXFileReference; lastKnownFileType = sourcecode.c.objc; path = AppDelegate.m; sourceTree = "<group>"; };
		92FD42011DD75AB8009995D8 /* Base */ = {isa = PBXFileReference; lastKnownFileType = file.storyboard; name = Base; path = Base.lproj/Main.storyboard; sourceTree = "<group>"; };
		92FD42031DD75AB8009995D8 /* Assets.xcassets */ = {isa = PBXFileReference; lastKnownFileType = folder.assetcatalog; path = Assets.xcassets; sourceTree = "<group>"; };
		92FD42061DD75AB8009995D8 /* Base */ = {isa = PBXFileReference; lastKnownFileType = file.storyboard; name = Base; path = Base.lproj/LaunchScreen.storyboard; sourceTree = "<group>"; };
		92FD42081DD75AB8009995D8 /* Info.plist */ = {isa = PBXFileReference; lastKnownFileType = text.plist.xml; path = Info.plist; sourceTree = "<group>"; };
		92FD420E1DD75AFD009995D8 /* MyTableViewController.h */ = {isa = PBXFileReference; fileEncoding = 4; lastKnownFileType = sourcecode.c.h; path = MyTableViewController.h; sourceTree = "<group>"; };
		92FD420F1DD75AFD009995D8 /* MyTableViewController.m */ = {isa = PBXFileReference; fileEncoding = 4; lastKnownFileType = sourcecode.c.objc; path = MyTableViewController.m; sourceTree = "<group>"; };
		92FD42111DD75B66009995D8 /* MyNumber.h */ = {isa = PBXFileReference; fileEncoding = 4; lastKnownFileType = sourcecode.c.h; path = MyNumber.h; sourceTree = "<group>"; };
		92FD42121DD75B66009995D8 /* MyNumber.m */ = {isa = PBXFileReference; fileEncoding = 4; lastKnownFileType = sourcecode.c.objc; path = MyNumber.m; sourceTree = "<group>"; };
/* End PBXFileReference section */

/* Begin PBXFrameworksBuildPhase section */
		92FD41F11DD75AB8009995D8 /* Frameworks */ = {
			isa = PBXFrameworksBuildPhase;
			buildActionMask = 2147483647;
			files = (
			);
			runOnlyForDeploymentPostprocessing = 0;
		};
/* End PBXFrameworksBuildPhase section */

/* Begin PBXGroup section */
		92FD41EB1DD75AB8009995D8 = {
			isa = PBXGroup;
			children = (
				92FD41F61DD75AB8009995D8 /* Quiz3 */,
				92FD41F51DD75AB8009995D8 /* Products */,
			);
			sourceTree = "<group>";
		};
		92FD41F51DD75AB8009995D8 /* Products */ = {
			isa = PBXGroup;
			children = (
				92FD41F41DD75AB8009995D8 /* Quiz3.app */,
			);
			name = Products;
			sourceTree = "<group>";
		};
		92FD41F61DD75AB8009995D8 /* Quiz3 */ = {
			isa = PBXGroup;
			children = (
				92FD41FA1DD75AB8009995D8 /* AppDelegate.h */,
				92FD41FB1DD75AB8009995D8 /* AppDelegate.m */,
				92FD420E1DD75AFD009995D8 /* MyTableViewController.h */,
				92FD420F1DD75AFD009995D8 /* MyTableViewController.m */,
				92FD42001DD75AB8009995D8 /* Main.storyboard */,
				92FD42031DD75AB8009995D8 /* Assets.xcassets */,
				92FD42051DD75AB8009995D8 /* LaunchScreen.storyboard */,
				92FD42081DD75AB8009995D8 /* Info.plist */,
				92FD41F71DD75AB8009995D8 /* Supporting Files */,
				92FD42111DD75B66009995D8 /* MyNumber.h */,
				92FD42121DD75B66009995D8 /* MyNumber.m */,
			);
			path = Quiz3;
			sourceTree = "<group>";
		};
		92FD41F71DD75AB8009995D8 /* Supporting Files */ = {
			isa = PBXGroup;
			children = (
				92FD41F81DD75AB8009995D8 /* main.m */,
			);
			name = "Supporting Files";
			sourceTree = "<group>";
		};
/* End PBXGroup section */

/* Begin PBXNativeTarget section */
		92FD41F31DD75AB8009995D8 /* Quiz3 */ = {
			isa = PBXNativeTarget;
			buildConfigurationList = 92FD420B1DD75AB8009995D8 /* Build configuration list for PBXNativeTarget "Quiz3" */;
			buildPhases = (
				92FD41F01DD75AB8009995D8 /* Sources */,
				92FD41F11DD75AB8009995D8 /* Frameworks */,
				92FD41F21DD75AB8009995D8 /* Resources */,
			);
			buildRules = (
			);
			dependencies = (
			);
			name = Quiz3;
			productName = Quiz3;
			productReference = 92FD41F41DD75AB8009995D8 /* Quiz3.app */;
			productType = "com.apple.product-type.application";
		};
/* End PBXNativeTarget section */

/* Begin PBXProject section */
		92FD41EC1DD75AB8009995D8 /* Project object */ = {
			isa = PBXProject;
			attributes = {
				LastUpgradeCheck = 0810;
				ORGANIZATIONNAME = Sidekicks;
				TargetAttributes = {
					92FD41F31DD75AB8009995D8 = {
						CreatedOnToolsVersion = 8.1;
						ProvisioningStyle = Automatic;
					};
				};
			};
			buildConfigurationList = 92FD41EF1DD75AB8009995D8 /* Build configuration list for PBXProject "Quiz3" */;
			compatibilityVersion = "Xcode 3.2";
			developmentRegion = English;
			hasScannedForEncodings = 0;
			knownRegions = (
				en,
				Base,
			);
			mainGroup = 92FD41EB1DD75AB8009995D8;
			productRefGroup = 92FD41F51DD75AB8009995D8 /* Products */;
			projectDirPath = "";
			projectRoot = "";
			targets = (
				92FD41F31DD75AB8009995D8 /* Quiz3 */,
			);
		};
/* End PBXProject section */

/* Begin PBXResourcesBuildPhase section */
		92FD41F21DD75AB8009995D8 /* Resources */ = {
			isa = PBXResourcesBuildPhase;
			buildActionMask = 2147483647;
			files = (
				92FD42071DD75AB8009995D8 /* LaunchScreen.storyboard in Resources */,
				92FD42041DD75AB8009995D8 /* Assets.xcassets in Resources */,
				92FD42021DD75AB8009995D8 /* Main.storyboard in Resources */,
			);
			runOnlyForDeploymentPostprocessing = 0;
		};
/* End PBXResourcesBuildPhase section */

/* Begin PBXSourcesBuildPhase section */
		92FD41F01DD75AB8009995D8 /* Sources */ = {
			isa = PBXSourcesBuildPhase;
			buildActionMask = 2147483647;
			files = (
				92FD42131DD75B66009995D8 /* MyNumber.m in Sources */,
				92FD42101DD75AFD009995D8 /* MyTableViewController.m in Sources */,
				92FD41FC1DD75AB8009995D8 /* AppDelegate.m in Sources */,
				92FD41F91DD75AB8009995D8 /* main.m in Sources */,
			);
			runOnlyForDeploymentPostprocessing = 0;
		};
/* End PBXSourcesBuildPhase section */

/* Begin PBXVariantGroup section */
		92FD42001DD75AB8009995D8 /* Main.storyboard */ = {
			isa = PBXVariantGroup;
			children = (
				92FD42011DD75AB8009995D8 /* Base */,
			);
			name = Main.storyboard;
			sourceTree = "<group>";
		};
		92FD42051DD75AB8009995D8 /* LaunchScreen.storyboard */ = {
			isa = PBXVariantGroup;
			children = (
				92FD42061DD75AB8009995D8 /* Base */,
			);
			name = LaunchScreen.storyboard;
			sourceTree = "<group>";
		};
/* End PBXVariantGroup section */

/* Begin XCBuildConfiguration section */
		92FD42091DD75AB8009995D8 /* Debug */ = {
			isa = XCBuildConfiguration;
			buildSettings = {
				ALWAYS_SEARCH_USER_PATHS = NO;
				CLANG_ANALYZER_NONNULL = YES;
				CLANG_CXX_LANGUAGE_STANDARD = "gnu++0x";
				CLANG_CXX_LIBRARY = "libc++";
				CLANG_ENABLE_MODULES = YES;
				CLANG_ENABLE_OBJC_ARC = YES;
				CLANG_WARN_BOOL_CONVERSION = YES;
				CLANG_WARN_CONSTANT_CONVERSION = YES;
				CLANG_WARN_DIRECT_OBJC_ISA_USAGE = YES_ERROR;
				CLANG_WARN_DOCUMENTATION_COMMENTS = YES;
				CLANG_WARN_EMPTY_BODY = YES;
				CLANG_WARN_ENUM_CONVERSION = YES;
				CLANG_WARN_INFINITE_RECURSION = YES;
				CLANG_WARN_INT_CONVERSION = YES;
				CLANG_WARN_OBJC_ROOT_CLASS = YES_ERROR;
				CLANG_WARN_SUSPICIOUS_MOVES = YES;
				CLANG_WARN_UNREACHABLE_CODE = YES;
				CLANG_WARN__DUPLICATE_METHOD_MATCH = YES;
				"CODE_SIGN_IDENTITY[sdk=iphoneos*]" = "iPhone Developer";
				COPY_PHASE_STRIP = NO;
				DEBUG_INFORMATION_FORMAT = dwarf;
				ENABLE_STRICT_OBJC_MSGSEND = YES;
				ENABLE_TESTABILITY = YES;
				GCC_C_LANGUAGE_STANDARD = gnu99;
				GCC_DYNAMIC_NO_PIC = NO;
				GCC_NO_COMMON_BLOCKS = YES;
				GCC_OPTIMIZATION_LEVEL = 0;
				GCC_PREPROCESSOR_DEFINITIONS = (
					"DEBUG=1",
					"$(inherited)",
				);
				GCC_WARN_64_TO_32_BIT_CONVERSION = YES;
				GCC_WARN_ABOUT_RETURN_TYPE = YES_ERROR;
				GCC_WARN_UNDECLARED_SELECTOR = YES;
				GCC_WARN_UNINITIALIZED_AUTOS = YES_AGGRESSIVE;
				GCC_WARN_UNUSED_FUNCTION = YES;
				GCC_WARN_UNUSED_VARIABLE = YES;
				IPHONEOS_DEPLOYMENT_TARGET = 10.1;
				MTL_ENABLE_DEBUG_INFO = YES;
				ONLY_ACTIVE_ARCH = YES;
				SDKROOT = iphoneos;
			};
			name = Debug;
		};
		92FD420A1DD75AB8009995D8 /* Release */ = {
			isa = XCBuildConfiguration;
			buildSettings = {
				ALWAYS_SEARCH_USER_PATHS = NO;
				CLANG_ANALYZER_NONNULL = YES;
				CLANG_CXX_LANGUAGE_STANDARD = "gnu++0x";
				CLANG_CXX_LIBRARY = "libc++";
				CLANG_ENABLE_MODULES = YES;
				CLANG_ENABLE_OBJC_ARC = YES;
				CLANG_WARN_BOOL_CONVERSION = YES;
				CLANG_WARN_CONSTANT_CONVERSION = YES;
				CLANG_WARN_DIRECT_OBJC_ISA_USAGE = YES_ERROR;
				CLANG_WARN_DOCUMENTATION_COMMENTS = YES;
				CLANG_WARN_EMPTY_BODY = YES;
				CLANG_WARN_ENUM_CONVERSION = YES;
				CLANG_WARN_INFINITE_RECURSION = YES;
				CLANG_WARN_INT_CONVERSION = YES;
				CLANG_WARN_OBJC_ROOT_CLASS = YES_ERROR;
				CLANG_WARN_SUSPICIOUS_MOVES = YES;
				CLANG_WARN_UNREACHABLE_CODE = YES;
				CLANG_WARN__DUPLICATE_METHOD_MATCH = YES;
				"CODE_SIGN_IDENTITY[sdk=iphoneos*]" = "iPhone Developer";
				COPY_PHASE_STRIP = NO;
				DEBUG_INFORMATION_FORMAT = "dwarf-with-dsym";
				ENABLE_NS_ASSERTIONS = NO;
				ENABLE_STRICT_OBJC_MSGSEND = YES;
				GCC_C_LANGUAGE_STANDARD = gnu99;
				GCC_NO_COMMON_BLOCKS = YES;
				GCC_WARN_64_TO_32_BIT_CONVERSION = YES;
				GCC_WARN_ABOUT_RETURN_TYPE = YES_ERROR;
				GCC_WARN_UNDECLARED_SELECTOR = YES;
				GCC_WARN_UNINITIALIZED_AUTOS = YES_AGGRESSIVE;
				GCC_WARN_UNUSED_FUNCTION = YES;
				GCC_WARN_UNUSED_VARIABLE = YES;
				IPHONEOS_DEPLOYMENT_TARGET = 10.1;
				MTL_ENABLE_DEBUG_INFO = NO;
				SDKROOT = iphoneos;
				VALIDATE_PRODUCT = YES;
			};
			name = Release;
		};
		92FD420C1DD75AB8009995D8 /* Debug */ = {
			isa = XCBuildConfiguration;
			buildSettings = {
				ASSETCATALOG_COMPILER_APPICON_NAME = AppIcon;
				INFOPLIST_FILE = Quiz3/Info.plist;
				LD_RUNPATH_SEARCH_PATHS = "$(inherited) @executable_path/Frameworks";
				PRODUCT_BUNDLE_IDENTIFIER = com.sidekicks.ios.Quiz3;
				PRODUCT_NAME = "$(TARGET_NAME)";
			};
			name = Debug;
		};
		92FD420D1DD75AB8009995D8 /* Release */ = {
			isa = XCBuildConfiguration;
			buildSettings = {
				ASSETCATALOG_COMPILER_APPICON_NAME = AppIcon;
				INFOPLIST_FILE = Quiz3/Info.plist;
				LD_RUNPATH_SEARCH_PATHS = "$(inherited) @executable_path/Frameworks";
				PRODUCT_BUNDLE_IDENTIFIER = com.sidekicks.ios.Quiz3;
				PRODUCT_NAME = "$(TARGET_NAME)";
			};
			name = Release;
		};
/* End XCBuildConfiguration section */

/* Begin XCConfigurationList section */
		92FD41EF1DD75AB8009995D8 /* Build configuration list for PBXProject "Quiz3" */ = {
			isa = XCConfigurationList;
			buildConfigurations = (
				92FD42091DD75AB8009995D8 /* Debug */,
				92FD420A1DD75AB8009995D8 /* Release */,
			);
			defaultConfigurationIsVisible = 0;
			defaultConfigurationName = Release;
		};
		92FD420B1DD75AB8009995D8 /* Build configuration list for PBXNativeTarget "Quiz3" */ = {
			isa = XCConfigurationList;
			buildConfigurations = (
				92FD420C1DD75AB8009995D8 /* Debug */,
				92FD420D1DD75AB8009995D8 /* Release */,
			);
			defaultConfigurationIsVisible = 0;
		};
/* End XCConfigurationList section */
	};
	rootObject = 92FD41EC1DD75AB8009995D8 /* Project object */;
}
